
Microsoft Visual Studio Solution File, Format Version 12.00
# Visual Studio Version 16
VisualStudioVersion = 16.0.29519.87
MinimumVisualStudioVersion = 10.0.40219.1
Project("{FAE04EC0-301F-11D3-BF4B-00C04F79EFBC}") = "WpfJsonViewer", "WpfJsonViewer\WpfJsonViewer.csproj", "{1E15A2DE-38DE-4441-9D16-18254A32BBCB}"
EndProject
Project("{FAE04EC0-301F-11D3-BF4B-00C04F79EFBC}") = "Json.Data.Model", "Json.Data.Model\Json.Data.Model.csproj", "{D020B490-C1D7-46D0-A8E7-E4827BBEA513}"
EndProject
Project("{FAE04EC0-301F-11D3-BF4B-00C04F79EFBC}") = "Json.Data.IO", "Json.Data.IO\Json.Data.IO.csproj", "{5D792F6F-D418-4178-BECC-ED2B0117353D}"
EndProject
Project("{FAE04EC0-301F-11D3-BF4B-00C04F79EFBC}") = "Json.Data.IO.Testing", "Json.Data.IO.Testing\Json.Data.IO.Testing.csproj", "{29CEE180-607D-468C-8299-C6BC81F3C910}"
EndProject
Global
	GlobalSection(SolutionConfigurationPlatforms) = preSolution
		Debug|Any CPU = Debug|Any CPU
		Release|Any CPU = Release|Any CPU
	EndGlobalSection
	GlobalSection(ProjectConfigurationPlatforms) = postSolution
		{1E15A2DE-38DE-4441-9D16-18254A32BBCB}.Debug|Any CPU.ActiveCfg = Debug|Any CPU
		{1E15A2DE-38DE-4441-9D16-18254A32BBCB}.Debug|Any CPU.Build.0 = Debug|Any CPU
		{1E15A2DE-38DE-4441-9D16-18254A32BBCB}.Release|Any CPU.ActiveCfg = Release|Any CPU
		{1E15A2DE-38DE-4441-9D16-18254A32BBCB}.Release|Any CPU.Build.0 = Release|Any CPU
		{D020B490-C1D7-46D0-A8E7-E4827BBEA513}.Debug|Any CPU.ActiveCfg = Debug|Any CPU
		{D020B490-C1D7-46D0-A8E7-E4827BBEA513}.Debug|Any CPU.Build.0 = Debug|Any CPU
		{D020B490-C1D7-46D0-A8E7-E4827BBEA513}.Release|Any CPU.ActiveCfg = Release|Any CPU
		{D020B490-C1D7-46D0-A8E7-E4827BBEA513}.Release|Any CPU.Build.0 = Release|Any CPU
		{5D792F6F-D418-4178-BECC-ED2B0117353D}.Debug|Any CPU.ActiveCfg = Debug|Any CPU
		{5D792F6F-D418-4178-BECC-ED2B0117353D}.Debug|Any CPU.Build.0 = Debug|Any CPU
		{5D792F6F-D418-4178-BECC-ED2B0117353D}.Release|Any CPU.ActiveCfg = Release|Any CPU
		{5D792F6F-D418-4178-BECC-ED2B0117353D}.Release|Any CPU.Build.0 = Release|Any CPU
		{29CEE180-607D-468C-8299-C6BC81F3C910}.Debug|Any CPU.ActiveCfg = Debug|Any CPU
		{29CEE180-607D-468C-8299-C6BC81F3C910}.Debug|Any CPU.Build.0 = Debug|Any CPU
		{29CEE180-607D-468C-8299-C6BC81F3C910}.Release|Any CPU.ActiveCfg = Release|Any CPU
		{29CEE180-607D-468C-8299-C6BC81F3C910}.Release|Any CPU.Build.0 = Release|Any CPU
	EndGlobalSection
	GlobalSection(SolutionProperties) = preSolution
		HideSolutionNode = FALSE
	EndGlobalSection
	GlobalSection(ExtensibilityGlobals) = postSolution
		SolutionGuid = {20EADC18-F512-45DB-9581-F29BF832D9FB}
	EndGlobalSection
EndGlobal
